
Microsoft Visual Studio Solution File, Format Version 12.00
# Visual Studio Version 16
VisualStudioVersion = 16.0.30503.244
MinimumVisualStudioVersion = 10.0.40219.1
Project("{9A19103F-16F7-4668-BE54-9A1E7A4F7556}") = "GameOfLife.WebAPI", "GameOfLife.WebAPI\GameOfLife.WebAPI.csproj", "{8AFBFEAA-2176-4703-A775-C4B3D13544AA}"
EndProject
Project("{FAE04EC0-301F-11D3-BF4B-00C04F79EFBC}") = "GameOfLife.Application", "GameOfLife.Application\GameOfLife.Application.csproj", "{01AE9558-C054-44E1-A04B-684D79D32194}"
EndProject
Project("{FAE04EC0-301F-11D3-BF4B-00C04F79EFBC}") = "GameOfLife.Domain", "GameOfLife.Domain\GameOfLife.Domain.csproj", "{E43D2652-2360-403A-A455-4E7545CC77F2}"
EndProject
Project("{FAE04EC0-301F-11D3-BF4B-00C04F79EFBC}") = "GameOfLife.Infrastructure", "GameOfLife.Infrastructure\GameOfLife.Infrastructure.csproj", "{F16D77BC-899B-4FB5-A209-1AE6582F4596}"
EndProject
Global
	GlobalSection(SolutionConfigurationPlatforms) = preSolution
		Debug|Any CPU = Debug|Any CPU
		Release|Any CPU = Release|Any CPU
	EndGlobalSection
	GlobalSection(ProjectConfigurationPlatforms) = postSolution
		{8AFBFEAA-2176-4703-A775-C4B3D13544AA}.Debug|Any CPU.ActiveCfg = Debug|Any CPU
		{8AFBFEAA-2176-4703-A775-C4B3D13544AA}.Debug|Any CPU.Build.0 = Debug|Any CPU
		{8AFBFEAA-2176-4703-A775-C4B3D13544AA}.Release|Any CPU.ActiveCfg = Release|Any CPU
		{8AFBFEAA-2176-4703-A775-C4B3D13544AA}.Release|Any CPU.Build.0 = Release|Any CPU
		{01AE9558-C054-44E1-A04B-684D79D32194}.Debug|Any CPU.ActiveCfg = Debug|Any CPU
		{01AE9558-C054-44E1-A04B-684D79D32194}.Debug|Any CPU.Build.0 = Debug|Any CPU
		{01AE9558-C054-44E1-A04B-684D79D32194}.Release|Any CPU.ActiveCfg = Release|Any CPU
		{01AE9558-C054-44E1-A04B-684D79D32194}.Release|Any CPU.Build.0 = Release|Any CPU
		{E43D2652-2360-403A-A455-4E7545CC77F2}.Debug|Any CPU.ActiveCfg = Debug|Any CPU
		{E43D2652-2360-403A-A455-4E7545CC77F2}.Debug|Any CPU.Build.0 = Debug|Any CPU
		{E43D2652-2360-403A-A455-4E7545CC77F2}.Release|Any CPU.ActiveCfg = Release|Any CPU
		{E43D2652-2360-403A-A455-4E7545CC77F2}.Release|Any CPU.Build.0 = Release|Any CPU
		{F16D77BC-899B-4FB5-A209-1AE6582F4596}.Debug|Any CPU.ActiveCfg = Debug|Any CPU
		{F16D77BC-899B-4FB5-A209-1AE6582F4596}.Debug|Any CPU.Build.0 = Debug|Any CPU
		{F16D77BC-899B-4FB5-A209-1AE6582F4596}.Release|Any CPU.ActiveCfg = Release|Any CPU
		{F16D77BC-899B-4FB5-A209-1AE6582F4596}.Release|Any CPU.Build.0 = Release|Any CPU
	EndGlobalSection
	GlobalSection(SolutionProperties) = preSolution
		HideSolutionNode = FALSE
	EndGlobalSection
	GlobalSection(ExtensibilityGlobals) = postSolution
		SolutionGuid = {2D1AC7AC-696F-4599-9903-B3722578E90F}
	EndGlobalSection
EndGlobal
